
Microsoft Visual Studio Solution File, Format Version 12.00
# Visual Studio 15
VisualStudioVersion = 15.0.28307.168
MinimumVisualStudioVersion = 10.0.40219.1
Project("{FAE04EC0-301F-11D3-BF4B-00C04F79EFBC}") = "WebAdvert.Advert.Api", "WebAdvert.Advert.Api\WebAdvert.Advert.Api.csproj", "{BB58AAC8-7A08-4218-B2CC-1F2A3633F7F1}"
EndProject
Project("{FAE04EC0-301F-11D3-BF4B-00C04F79EFBC}") = "AdvertApi.Models", "..\AdvertApi.Models\AdvertApi.Models.csproj", "{D130C798-6672-48EA-8992-3ED5ADDBF068}"
EndProject
Project("{FAE04EC0-301F-11D3-BF4B-00C04F79EFBC}") = "AdvertApi.Repository", "AdvertApi.Repository\AdvertApi.Repository.csproj", "{7247E0FD-9F56-42ED-A3C3-91CE10C1E5E5}"
EndProject
Global
	GlobalSection(SolutionConfigurationPlatforms) = preSolution
		Debug|Any CPU = Debug|Any CPU
		Release|Any CPU = Release|Any CPU
	EndGlobalSection
	GlobalSection(ProjectConfigurationPlatforms) = postSolution
		{BB58AAC8-7A08-4218-B2CC-1F2A3633F7F1}.Debug|Any CPU.ActiveCfg = Debug|Any CPU
		{BB58AAC8-7A08-4218-B2CC-1F2A3633F7F1}.Debug|Any CPU.Build.0 = Debug|Any CPU
		{BB58AAC8-7A08-4218-B2CC-1F2A3633F7F1}.Release|Any CPU.ActiveCfg = Release|Any CPU
		{BB58AAC8-7A08-4218-B2CC-1F2A3633F7F1}.Release|Any CPU.Build.0 = Release|Any CPU
		{D130C798-6672-48EA-8992-3ED5ADDBF068}.Debug|Any CPU.ActiveCfg = Debug|Any CPU
		{D130C798-6672-48EA-8992-3ED5ADDBF068}.Debug|Any CPU.Build.0 = Debug|Any CPU
		{D130C798-6672-48EA-8992-3ED5ADDBF068}.Release|Any CPU.ActiveCfg = Release|Any CPU
		{D130C798-6672-48EA-8992-3ED5ADDBF068}.Release|Any CPU.Build.0 = Release|Any CPU
		{7247E0FD-9F56-42ED-A3C3-91CE10C1E5E5}.Debug|Any CPU.ActiveCfg = Debug|Any CPU
		{7247E0FD-9F56-42ED-A3C3-91CE10C1E5E5}.Debug|Any CPU.Build.0 = Debug|Any CPU
		{7247E0FD-9F56-42ED-A3C3-91CE10C1E5E5}.Release|Any CPU.ActiveCfg = Release|Any CPU
		{7247E0FD-9F56-42ED-A3C3-91CE10C1E5E5}.Release|Any CPU.Build.0 = Release|Any CPU
	EndGlobalSection
	GlobalSection(SolutionProperties) = preSolution
		HideSolutionNode = FALSE
	EndGlobalSection
	GlobalSection(ExtensibilityGlobals) = postSolution
		SolutionGuid = {0F5CAEB9-82F9-4CEC-BB73-9498EA2D1FD6}
	EndGlobalSection
EndGlobal
